
Microsoft Visual Studio Solution File, Format Version 12.00
# Visual Studio Version 17
VisualStudioVersion = 17.0.32014.148
MinimumVisualStudioVersion = 10.0.40219.1
Project("{2150E333-8FDC-42A3-9474-1A3956D46DE8}") = "Solution Items", "Solution Items", "{8D996CC6-E6E0-4D4F-9E23-81AE4F9EA795}"
	ProjectSection(SolutionItems) = preProject
		.editorconfig = .editorconfig
	EndProjectSection
EndProject
Project("{9A19103F-16F7-4668-BE54-9A1E7A4F7556}") = "MultiwayTree", "MultiwayTree\MultiwayTree.csproj", "{40031BE2-3466-495F-BD2C-CF35508D0708}"
EndProject
Project("{9A19103F-16F7-4668-BE54-9A1E7A4F7556}") = "MultiwayTree.Tests", "MultiwayTree.Tests\MultiwayTree.Tests.csproj", "{6AEEA833-017A-4B2C-9C48-199C27C35E01}"
EndProject
Global
	GlobalSection(SolutionConfigurationPlatforms) = preSolution
		Debug|Any CPU = Debug|Any CPU
		Release|Any CPU = Release|Any CPU
	EndGlobalSection
	GlobalSection(ProjectConfigurationPlatforms) = postSolution
		{40031BE2-3466-495F-BD2C-CF35508D0708}.Debug|Any CPU.ActiveCfg = Debug|Any CPU
		{40031BE2-3466-495F-BD2C-CF35508D0708}.Debug|Any CPU.Build.0 = Debug|Any CPU
		{40031BE2-3466-495F-BD2C-CF35508D0708}.Release|Any CPU.ActiveCfg = Release|Any CPU
		{40031BE2-3466-495F-BD2C-CF35508D0708}.Release|Any CPU.Build.0 = Release|Any CPU
		{6AEEA833-017A-4B2C-9C48-199C27C35E01}.Debug|Any CPU.ActiveCfg = Debug|Any CPU
		{6AEEA833-017A-4B2C-9C48-199C27C35E01}.Debug|Any CPU.Build.0 = Debug|Any CPU
		{6AEEA833-017A-4B2C-9C48-199C27C35E01}.Release|Any CPU.ActiveCfg = Release|Any CPU
		{6AEEA833-017A-4B2C-9C48-199C27C35E01}.Release|Any CPU.Build.0 = Release|Any CPU
	EndGlobalSection
	GlobalSection(SolutionProperties) = preSolution
		HideSolutionNode = FALSE
	EndGlobalSection
	GlobalSection(ExtensibilityGlobals) = postSolution
		SolutionGuid = {49097945-8571-4724-9F49-A7A5792CA17E}
	EndGlobalSection
EndGlobal
